
Microsoft Visual Studio Solution File, Format Version 12.00
# Visual Studio Version 17
VisualStudioVersion = 17.5.33414.496
MinimumVisualStudioVersion = 10.0.40219.1
Project("{FAE04EC0-301F-11D3-BF4B-00C04F79EFBC}") = "AULA_JOAO", "AULA_JOAO\AULA_JOAO.csproj", "{281C83C1-DFEA-40F8-96DA-5BDF9B1AEFB0}"
EndProject
Project("{2150E333-8FDC-42A3-9474-1A3956D46DE8}") = "img", "img", "{4069617E-7F49-4AB2-8DE8-3F6BABE33E87}"
EndProject
Global
	GlobalSection(SolutionConfigurationPlatforms) = preSolution
		Debug|Any CPU = Debug|Any CPU
		Release|Any CPU = Release|Any CPU
	EndGlobalSection
	GlobalSection(ProjectConfigurationPlatforms) = postSolution
		{281C83C1-DFEA-40F8-96DA-5BDF9B1AEFB0}.Debug|Any CPU.ActiveCfg = Debug|Any CPU
		{281C83C1-DFEA-40F8-96DA-5BDF9B1AEFB0}.Debug|Any CPU.Build.0 = Debug|Any CPU
		{281C83C1-DFEA-40F8-96DA-5BDF9B1AEFB0}.Release|Any CPU.ActiveCfg = Release|Any CPU
		{281C83C1-DFEA-40F8-96DA-5BDF9B1AEFB0}.Release|Any CPU.Build.0 = Release|Any CPU
	EndGlobalSection
	GlobalSection(SolutionProperties) = preSolution
		HideSolutionNode = FALSE
	EndGlobalSection
	GlobalSection(ExtensibilityGlobals) = postSolution
		SolutionGuid = {C6726563-48BD-483A-B61F-DA536D812759}
	EndGlobalSection
EndGlobal
